
Microsoft Visual Studio Solution File, Format Version 12.00
# Visual Studio 15
VisualStudioVersion = 15.0.28307.271
MinimumVisualStudioVersion = 10.0.40219.1
Project("{8BC9CEB8-8B4A-11D0-8D11-00A0C91BC942}") = "Hack", "Hack\Hack.vcxproj", "{272FA6A5-6DA8-4215-8D8A-B70303437C11}"
EndProject
Global
	GlobalSection(SolutionConfigurationPlatforms) = preSolution
		Debug|x64 = Debug|x64
		Debug|x86 = Debug|x86
		Release|x64 = Release|x64
		Release|x86 = Release|x86
	EndGlobalSection
	GlobalSection(ProjectConfigurationPlatforms) = postSolution
		{272FA6A5-6DA8-4215-8D8A-B70303437C11}.Debug|x64.ActiveCfg = Debug|x64
		{272FA6A5-6DA8-4215-8D8A-B70303437C11}.Debug|x64.Build.0 = Debug|x64
		{272FA6A5-6DA8-4215-8D8A-B70303437C11}.Debug|x86.ActiveCfg = Debug|Win32
		{272FA6A5-6DA8-4215-8D8A-B70303437C11}.Debug|x86.Build.0 = Debug|Win32
		{272FA6A5-6DA8-4215-8D8A-B70303437C11}.Release|x64.ActiveCfg = Release|x64
		{272FA6A5-6DA8-4215-8D8A-B70303437C11}.Release|x64.Build.0 = Release|x64
		{272FA6A5-6DA8-4215-8D8A-B70303437C11}.Release|x86.ActiveCfg = Release|Win32
		{272FA6A5-6DA8-4215-8D8A-B70303437C11}.Release|x86.Build.0 = Release|Win32
	EndGlobalSection
	GlobalSection(SolutionProperties) = preSolution
		HideSolutionNode = FALSE
	EndGlobalSection
	GlobalSection(ExtensibilityGlobals) = postSolution
		SolutionGuid = {AF03C510-6B21-4FCA-936C-512821E8C93C}
	EndGlobalSection
EndGlobal
